
Microsoft Visual Studio Solution File, Format Version 12.00
# Visual Studio Version 17
VisualStudioVersion = 17.3.32811.315
MinimumVisualStudioVersion = 10.0.40219.1
Project("{FAE04EC0-301F-11D3-BF4B-00C04F79EFBC}") = "TradeBotyoupin898", "TradeBotyoupin898\TradeBotyoupin898.csproj", "{08FDE0F5-C52E-4008-A98B-AE806476F909}"
EndProject
Global
	GlobalSection(SolutionConfigurationPlatforms) = preSolution
		Debug|Any CPU = Debug|Any CPU
		Release|Any CPU = Release|Any CPU
	EndGlobalSection
	GlobalSection(ProjectConfigurationPlatforms) = postSolution
		{08FDE0F5-C52E-4008-A98B-AE806476F909}.Debug|Any CPU.ActiveCfg = Debug|Any CPU
		{08FDE0F5-C52E-4008-A98B-AE806476F909}.Debug|Any CPU.Build.0 = Debug|Any CPU
		{08FDE0F5-C52E-4008-A98B-AE806476F909}.Release|Any CPU.ActiveCfg = Release|Any CPU
		{08FDE0F5-C52E-4008-A98B-AE806476F909}.Release|Any CPU.Build.0 = Release|Any CPU
	EndGlobalSection
	GlobalSection(SolutionProperties) = preSolution
		HideSolutionNode = FALSE
	EndGlobalSection
	GlobalSection(ExtensibilityGlobals) = postSolution
		SolutionGuid = {EE0C2502-6E58-44FF-9E6F-D85135D423DC}
	EndGlobalSection
EndGlobal
